// !$*UTF8*$!
{
	archiveVersion = 1;
	classes = {
	};
	objectVersion = 51;
	objects = {

/* Begin PBXBuildFile section */
		110A897E26F874DA003B4FB7 /* AnotherOnboardingView.swift in Sources */ = {isa = PBXBuildFile; fileRef = 110A897D26F874DA003B4FB7 /* AnotherOnboardingView.swift */; };
		113472CC26F3C8DC002DCA0F /* ProfileView.swift in Sources */ = {isa = PBXBuildFile; fileRef = 113472CB26F3C8DC002DCA0F /* ProfileView.swift */; };
		113472CE26F3CAC3002DCA0F /* ProfileHeaderView.swift in Sources */ = {isa = PBXBuildFile; fileRef = 113472CD26F3CAC3002DCA0F /* ProfileHeaderView.swift */; };
		114D80F426F8A91100B5C142 /* GoogleService-Info.plist in Resources */ = {isa = PBXBuildFile; fileRef = 114D80F326F8A91100B5C142 /* GoogleService-Info.plist */; };
		115B26AB26F4BD3100F956A1 /* SettingsEditTextView.swift in Sources */ = {isa = PBXBuildFile; fileRef = 115B26AA26F4BD3100F956A1 /* SettingsEditTextView.swift */; };
		116840D626F2145E0097AB2F /* dog_gramApp.swift in Sources */ = {isa = PBXBuildFile; fileRef = 116840D526F2145E0097AB2F /* dog_gramApp.swift */; };
		116840D826F2145E0097AB2F /* ContentView.swift in Sources */ = {isa = PBXBuildFile; fileRef = 116840D726F2145E0097AB2F /* ContentView.swift */; };
		116840DA26F2145F0097AB2F /* Assets.xcassets in Resources */ = {isa = PBXBuildFile; fileRef = 116840D926F2145F0097AB2F /* Assets.xcassets */; };
		116840DD26F2145F0097AB2F /* Preview Assets.xcassets in Resources */ = {isa = PBXBuildFile; fileRef = 116840DC26F2145F0097AB2F /* Preview Assets.xcassets */; };
		116840E526F218CF0097AB2F /* LaunchScreen.storyboard in Resources */ = {isa = PBXBuildFile; fileRef = 116840E426F218CF0097AB2F /* LaunchScreen.storyboard */; };
		116840EB26F21C420097AB2F /* Extensions.swift in Sources */ = {isa = PBXBuildFile; fileRef = 116840EA26F21C420097AB2F /* Extensions.swift */; };
		116840ED26F21E7D0097AB2F /* FeedView.swift in Sources */ = {isa = PBXBuildFile; fileRef = 116840EC26F21E7D0097AB2F /* FeedView.swift */; };
		116840EF26F21F170097AB2F /* PostView.swift in Sources */ = {isa = PBXBuildFile; fileRef = 116840EE26F21F170097AB2F /* PostView.swift */; };
		116840F226F2239A0097AB2F /* PostModel.swift in Sources */ = {isa = PBXBuildFile; fileRef = 116840F126F2239A0097AB2F /* PostModel.swift */; };
		116840F426F22B6C0097AB2F /* PostArrayObject.swift in Sources */ = {isa = PBXBuildFile; fileRef = 116840F326F22B6C0097AB2F /* PostArrayObject.swift */; };
		116840F626F263820097AB2F /* CommentsView.swift in Sources */ = {isa = PBXBuildFile; fileRef = 116840F526F263820097AB2F /* CommentsView.swift */; };
		116840F826F265EC0097AB2F /* MessageView.swift in Sources */ = {isa = PBXBuildFile; fileRef = 116840F726F265EC0097AB2F /* MessageView.swift */; };
		1189942C26F35E330013F7D6 /* CommentModel.swift in Sources */ = {isa = PBXBuildFile; fileRef = 1189942B26F35E330013F7D6 /* CommentModel.swift */; };
		1189942E26F36B2D0013F7D6 /* BrowseView.swift in Sources */ = {isa = PBXBuildFile; fileRef = 1189942D26F36B2D0013F7D6 /* BrowseView.swift */; };
		1189943026F36C700013F7D6 /* CarouselView.swift in Sources */ = {isa = PBXBuildFile; fileRef = 1189942F26F36C700013F7D6 /* CarouselView.swift */; };
		1189943226F3757F0013F7D6 /* ImageGridView.swift in Sources */ = {isa = PBXBuildFile; fileRef = 1189943126F3757F0013F7D6 /* ImageGridView.swift */; };
		1189943426F37E110013F7D6 /* UploadView.swift in Sources */ = {isa = PBXBuildFile; fileRef = 1189943326F37E110013F7D6 /* UploadView.swift */; };
		1189943626F383D40013F7D6 /* ImagePicker.swift in Sources */ = {isa = PBXBuildFile; fileRef = 1189943526F383D40013F7D6 /* ImagePicker.swift */; };
		118E1BD726F87B5C004E7C3B /* LikeAnimationView.swift in Sources */ = {isa = PBXBuildFile; fileRef = 118E1BD626F87B5C004E7C3B /* LikeAnimationView.swift */; };
		119A4E2926F7D24000010BF9 /* SettingsEditImageView.swift in Sources */ = {isa = PBXBuildFile; fileRef = 119A4E2826F7D24000010BF9 /* SettingsEditImageView.swift */; };
		119A4E2B26F7D96D00010BF9 /* SignUpView.swift in Sources */ = {isa = PBXBuildFile; fileRef = 119A4E2A26F7D96D00010BF9 /* SignUpView.swift */; };
		119A4E2D26F7DF2D00010BF9 /* OnboardingView.swift in Sources */ = {isa = PBXBuildFile; fileRef = 119A4E2C26F7DF2D00010BF9 /* OnboardingView.swift */; };
		119A4E2F26F7E08300010BF9 /* SignInWithAppleButtonCustom.swift in Sources */ = {isa = PBXBuildFile; fileRef = 119A4E2E26F7E08300010BF9 /* SignInWithAppleButtonCustom.swift */; };
		11BA7FEE26F486260073DE73 /* SettingsView.swift in Sources */ = {isa = PBXBuildFile; fileRef = 11BA7FED26F486260073DE73 /* SettingsView.swift */; };
		11BA7FF026F488520073DE73 /* SettingsLabelView.swift in Sources */ = {isa = PBXBuildFile; fileRef = 11BA7FEF26F488520073DE73 /* SettingsLabelView.swift */; };
		11BA7FF226F48C3D0073DE73 /* SettingsRowView.swift in Sources */ = {isa = PBXBuildFile; fileRef = 11BA7FF126F48C3D0073DE73 /* SettingsRowView.swift */; };
		11D1FD1226F38CA700F59457 /* PostImageView.swift in Sources */ = {isa = PBXBuildFile; fileRef = 11D1FD1126F38CA700F59457 /* PostImageView.swift */; };
		79114FE61F44FE7872246190 /* Pods_dog_gram.framework in Frameworks */ = {isa = PBXBuildFile; fileRef = 9AE49E2BC4196FDD237D9A3A /* Pods_dog_gram.framework */; };
/* End PBXBuildFile section */

/* Begin PBXFileReference section */
		110A897D26F874DA003B4FB7 /* AnotherOnboardingView.swift */ = {isa = PBXFileReference; lastKnownFileType = sourcecode.swift; path = AnotherOnboardingView.swift; sourceTree = "<group>"; };
		113472CB26F3C8DC002DCA0F /* ProfileView.swift */ = {isa = PBXFileReference; lastKnownFileType = sourcecode.swift; path = ProfileView.swift; sourceTree = "<group>"; };
		113472CD26F3CAC3002DCA0F /* ProfileHeaderView.swift */ = {isa = PBXFileReference; lastKnownFileType = sourcecode.swift; name = ProfileHeaderView.swift; path = dog_gram/Views/Screens/ProfileHeaderView.swift; sourceTree = SOURCE_ROOT; };
		114D80F326F8A91100B5C142 /* GoogleService-Info.plist */ = {isa = PBXFileReference; fileEncoding = 4; lastKnownFileType = text.plist.xml; path = "GoogleService-Info.plist"; sourceTree = "<group>"; };
		115B26AA26F4BD3100F956A1 /* SettingsEditTextView.swift */ = {isa = PBXFileReference; lastKnownFileType = sourcecode.swift; name = SettingsEditTextView.swift; path = dog_gram/Views/Screens/SettingsEditTextView.swift; sourceTree = SOURCE_ROOT; };
		116840D226F2145E0097AB2F /* dog_gram.app */ = {isa = PBXFileReference; explicitFileType = wrapper.application; includeInIndex = 0; path = dog_gram.app; sourceTree = BUILT_PRODUCTS_DIR; };
		116840D526F2145E0097AB2F /* dog_gramApp.swift */ = {isa = PBXFileReference; lastKnownFileType = sourcecode.swift; path = dog_gramApp.swift; sourceTree = "<group>"; };
		116840D726F2145E0097AB2F /* ContentView.swift */ = {isa = PBXFileReference; lastKnownFileType = sourcecode.swift; path = ContentView.swift; sourceTree = "<group>"; };
		116840D926F2145F0097AB2F /* Assets.xcassets */ = {isa = PBXFileReference; lastKnownFileType = folder.assetcatalog; path = Assets.xcassets; sourceTree = "<group>"; };
		116840DC26F2145F0097AB2F /* Preview Assets.xcassets */ = {isa = PBXFileReference; lastKnownFileType = folder.assetcatalog; path = "Preview Assets.xcassets"; sourceTree = "<group>"; };
		116840DE26F2145F0097AB2F /* Info.plist */ = {isa = PBXFileReference; lastKnownFileType = text.plist.xml; path = Info.plist; sourceTree = "<group>"; };
		116840E426F218CF0097AB2F /* LaunchScreen.storyboard */ = {isa = PBXFileReference; lastKnownFileType = file.storyboard; path = LaunchScreen.storyboard; sourceTree = "<group>"; };
		116840EA26F21C420097AB2F /* Extensions.swift */ = {isa = PBXFileReference; lastKnownFileType = sourcecode.swift; path = Extensions.swift; sourceTree = "<group>"; };
		116840EC26F21E7D0097AB2F /* FeedView.swift */ = {isa = PBXFileReference; lastKnownFileType = sourcecode.swift; path = FeedView.swift; sourceTree = "<group>"; };
		116840EE26F21F170097AB2F /* PostView.swift */ = {isa = PBXFileReference; lastKnownFileType = sourcecode.swift; path = PostView.swift; sourceTree = "<group>"; };
		116840F126F2239A0097AB2F /* PostModel.swift */ = {isa = PBXFileReference; lastKnownFileType = sourcecode.swift; path = PostModel.swift; sourceTree = "<group>"; };
		116840F326F22B6C0097AB2F /* PostArrayObject.swift */ = {isa = PBXFileReference; lastKnownFileType = sourcecode.swift; path = PostArrayObject.swift; sourceTree = "<group>"; };
		116840F526F263820097AB2F /* CommentsView.swift */ = {isa = PBXFileReference; lastKnownFileType = sourcecode.swift; path = CommentsView.swift; sourceTree = "<group>"; };
		116840F726F265EC0097AB2F /* MessageView.swift */ = {isa = PBXFileReference; lastKnownFileType = sourcecode.swift; path = MessageView.swift; sourceTree = "<group>"; };
		1189942B26F35E330013F7D6 /* CommentModel.swift */ = {isa = PBXFileReference; lastKnownFileType = sourcecode.swift; path = CommentModel.swift; sourceTree = "<group>"; };
		1189942D26F36B2D0013F7D6 /* BrowseView.swift */ = {isa = PBXFileReference; lastKnownFileType = sourcecode.swift; path = BrowseView.swift; sourceTree = "<group>"; };
		1189942F26F36C700013F7D6 /* CarouselView.swift */ = {isa = PBXFileReference; lastKnownFileType = sourcecode.swift; path = CarouselView.swift; sourceTree = "<group>"; };
		1189943126F3757F0013F7D6 /* ImageGridView.swift */ = {isa = PBXFileReference; lastKnownFileType = sourcecode.swift; path = ImageGridView.swift; sourceTree = "<group>"; };
		1189943326F37E110013F7D6 /* UploadView.swift */ = {isa = PBXFileReference; lastKnownFileType = sourcecode.swift; path = UploadView.swift; sourceTree = "<group>"; };
		1189943526F383D40013F7D6 /* ImagePicker.swift */ = {isa = PBXFileReference; lastKnownFileType = sourcecode.swift; path = ImagePicker.swift; sourceTree = "<group>"; };
		118E1BD626F87B5C004E7C3B /* LikeAnimationView.swift */ = {isa = PBXFileReference; lastKnownFileType = sourcecode.swift; path = LikeAnimationView.swift; sourceTree = SOURCE_ROOT; };
		119A4E2826F7D24000010BF9 /* SettingsEditImageView.swift */ = {isa = PBXFileReference; lastKnownFileType = sourcecode.swift; path = SettingsEditImageView.swift; sourceTree = "<group>"; };
		119A4E2A26F7D96D00010BF9 /* SignUpView.swift */ = {isa = PBXFileReference; lastKnownFileType = sourcecode.swift; path = SignUpView.swift; sourceTree = "<group>"; };
		119A4E2C26F7DF2D00010BF9 /* OnboardingView.swift */ = {isa = PBXFileReference; lastKnownFileType = sourcecode.swift; path = OnboardingView.swift; sourceTree = "<group>"; };
		119A4E2E26F7E08300010BF9 /* SignInWithAppleButtonCustom.swift */ = {isa = PBXFileReference; lastKnownFileType = sourcecode.swift; path = SignInWithAppleButtonCustom.swift; sourceTree = "<group>"; };
		11BA7FED26F486260073DE73 /* SettingsView.swift */ = {isa = PBXFileReference; lastKnownFileType = sourcecode.swift; path = SettingsView.swift; sourceTree = SOURCE_ROOT; };
		11BA7FEF26F488520073DE73 /* SettingsLabelView.swift */ = {isa = PBXFileReference; lastKnownFileType = sourcecode.swift; name = SettingsLabelView.swift; path = dog_gram/Views/Screens/SettingsLabelView.swift; sourceTree = SOURCE_ROOT; };
		11BA7FF126F48C3D0073DE73 /* SettingsRowView.swift */ = {isa = PBXFileReference; lastKnownFileType = sourcecode.swift; name = SettingsRowView.swift; path = dog_gram/Views/Screens/SettingsRowView.swift; sourceTree = SOURCE_ROOT; };
		11D1FD1126F38CA700F59457 /* PostImageView.swift */ = {isa = PBXFileReference; lastKnownFileType = sourcecode.swift; path = PostImageView.swift; sourceTree = SOURCE_ROOT; };
		9AE49E2BC4196FDD237D9A3A /* Pods_dog_gram.framework */ = {isa = PBXFileReference; explicitFileType = wrapper.framework; includeInIndex = 0; path = Pods_dog_gram.framework; sourceTree = BUILT_PRODUCTS_DIR; };
		E373922B67E9AAF5D2407B47 /* Pods-dog_gram.debug.xcconfig */ = {isa = PBXFileReference; includeInIndex = 1; lastKnownFileType = text.xcconfig; name = "Pods-dog_gram.debug.xcconfig"; path = "Target Support Files/Pods-dog_gram/Pods-dog_gram.debug.xcconfig"; sourceTree = "<group>"; };
		E53F7F9EA0F900DEC24A3D98 /* Pods-dog_gram.release.xcconfig */ = {isa = PBXFileReference; includeInIndex = 1; lastKnownFileType = text.xcconfig; name = "Pods-dog_gram.release.xcconfig"; path = "Target Support Files/Pods-dog_gram/Pods-dog_gram.release.xcconfig"; sourceTree = "<group>"; };
/* End PBXFileReference section */

/* Begin PBXFrameworksBuildPhase section */
		116840CF26F2145E0097AB2F /* Frameworks */ = {
			isa = PBXFrameworksBuildPhase;
			buildActionMask = 2147483647;
			files = (
				79114FE61F44FE7872246190 /* Pods_dog_gram.framework in Frameworks */,
			);
			runOnlyForDeploymentPostprocessing = 0;
		};
/* End PBXFrameworksBuildPhase section */

/* Begin PBXGroup section */
		116840C926F2145E0097AB2F = {
			isa = PBXGroup;
			children = (
				116840D426F2145E0097AB2F /* dog_gram */,
				116840D326F2145E0097AB2F /* Products */,
				8D74303809F76011ABFED152 /* Pods */,
				7CD668EEF5033C54B922D2BD /* Frameworks */,
			);
			sourceTree = "<group>";
		};
		116840D326F2145E0097AB2F /* Products */ = {
			isa = PBXGroup;
			children = (
				116840D226F2145E0097AB2F /* dog_gram.app */,
			);
			name = Products;
			sourceTree = "<group>";
		};
		116840D426F2145E0097AB2F /* dog_gram */ = {
			isa = PBXGroup;
			children = (
				116840F026F2238F0097AB2F /* Models */,
				116840E926F21C2A0097AB2F /* Extras */,
				116840E626F21A730097AB2F /* Views */,
				116840D926F2145F0097AB2F /* Assets.xcassets */,
				116840DE26F2145F0097AB2F /* Info.plist */,
				114D80F326F8A91100B5C142 /* GoogleService-Info.plist */,
				116840DB26F2145F0097AB2F /* Preview Content */,
				116840E426F218CF0097AB2F /* LaunchScreen.storyboard */,
			);
			path = dog_gram;
			sourceTree = "<group>";
		};
		116840DB26F2145F0097AB2F /* Preview Content */ = {
			isa = PBXGroup;
			children = (
				116840DC26F2145F0097AB2F /* Preview Assets.xcassets */,
			);
			path = "Preview Content";
			sourceTree = "<group>";
		};
		116840E626F21A730097AB2F /* Views */ = {
			isa = PBXGroup;
			children = (
				116840E826F21A840097AB2F /* Screens */,
				116840E726F21A7A0097AB2F /* SubViews */,
			);
			path = Views;
			sourceTree = "<group>";
		};
		116840E726F21A7A0097AB2F /* SubViews */ = {
			isa = PBXGroup;
			children = (
				118E1BD626F87B5C004E7C3B /* LikeAnimationView.swift */,
				11BA7FF126F48C3D0073DE73 /* SettingsRowView.swift */,
				11BA7FEF26F488520073DE73 /* SettingsLabelView.swift */,
				113472CD26F3CAC3002DCA0F /* ProfileHeaderView.swift */,
				116840EE26F21F170097AB2F /* PostView.swift */,
				116840F726F265EC0097AB2F /* MessageView.swift */,
				1189942F26F36C700013F7D6 /* CarouselView.swift */,
				1189943126F3757F0013F7D6 /* ImageGridView.swift */,
				1189943526F383D40013F7D6 /* ImagePicker.swift */,
				119A4E2E26F7E08300010BF9 /* SignInWithAppleButtonCustom.swift */,
			);
			path = SubViews;
			sourceTree = "<group>";
		};
		116840E826F21A840097AB2F /* Screens */ = {
			isa = PBXGroup;
			children = (
				11BA7FED26F486260073DE73 /* SettingsView.swift */,
				11D1FD1126F38CA700F59457 /* PostImageView.swift */,
				116840D526F2145E0097AB2F /* dog_gramApp.swift */,
				116840EC26F21E7D0097AB2F /* FeedView.swift */,
				116840D726F2145E0097AB2F /* ContentView.swift */,
				1189943326F37E110013F7D6 /* UploadView.swift */,
				116840F526F263820097AB2F /* CommentsView.swift */,
				1189942D26F36B2D0013F7D6 /* BrowseView.swift */,
				113472CB26F3C8DC002DCA0F /* ProfileView.swift */,
				110A897D26F874DA003B4FB7 /* AnotherOnboardingView.swift */,
				115B26AA26F4BD3100F956A1 /* SettingsEditTextView.swift */,
				119A4E2826F7D24000010BF9 /* SettingsEditImageView.swift */,
				119A4E2A26F7D96D00010BF9 /* SignUpView.swift */,
				119A4E2C26F7DF2D00010BF9 /* OnboardingView.swift */,
			);
			path = Screens;
			sourceTree = "<group>";
		};
		116840E926F21C2A0097AB2F /* Extras */ = {
			isa = PBXGroup;
			children = (
				116840EA26F21C420097AB2F /* Extensions.swift */,
			);
			path = Extras;
			sourceTree = "<group>";
		};
		116840F026F2238F0097AB2F /* Models */ = {
			isa = PBXGroup;
			children = (
				116840F126F2239A0097AB2F /* PostModel.swift */,
				116840F326F22B6C0097AB2F /* PostArrayObject.swift */,
				1189942B26F35E330013F7D6 /* CommentModel.swift */,
			);
			path = Models;
			sourceTree = "<group>";
		};
		7CD668EEF5033C54B922D2BD /* Frameworks */ = {
			isa = PBXGroup;
			children = (
				9AE49E2BC4196FDD237D9A3A /* Pods_dog_gram.framework */,
			);
			name = Frameworks;
			sourceTree = "<group>";
		};
		8D74303809F76011ABFED152 /* Pods */ = {
			isa = PBXGroup;
			children = (
				E373922B67E9AAF5D2407B47 /* Pods-dog_gram.debug.xcconfig */,
				E53F7F9EA0F900DEC24A3D98 /* Pods-dog_gram.release.xcconfig */,
			);
			path = Pods;
			sourceTree = "<group>";
		};
/* End PBXGroup section */

/* Begin PBXNativeTarget section */
		116840D126F2145E0097AB2F /* dog_gram */ = {
			isa = PBXNativeTarget;
			buildConfigurationList = 116840E126F2145F0097AB2F /* Build configuration list for PBXNativeTarget "dog_gram" */;
			buildPhases = (
				C6F8BB3F1BAFBDE2C022983B /* [CP] Check Pods Manifest.lock */,
				116840CE26F2145E0097AB2F /* Sources */,
				116840CF26F2145E0097AB2F /* Frameworks */,
				116840D026F2145E0097AB2F /* Resources */,
				A266A0E9926D7BA2BC928469 /* [CP] Embed Pods Frameworks */,
			);
			buildRules = (
			);
			dependencies = (
			);
			name = dog_gram;
			productName = dog_gram;
			productReference = 116840D226F2145E0097AB2F /* dog_gram.app */;
			productType = "com.apple.product-type.application";
		};
/* End PBXNativeTarget section */

/* Begin PBXProject section */
		116840CA26F2145E0097AB2F /* Project object */ = {
			isa = PBXProject;
			attributes = {
				LastSwiftUpdateCheck = 1250;
				LastUpgradeCheck = 1250;
				TargetAttributes = {
					116840D126F2145E0097AB2F = {
						CreatedOnToolsVersion = 12.5.1;
					};
				};
			};
			buildConfigurationList = 116840CD26F2145E0097AB2F /* Build configuration list for PBXProject "dog_gram" */;
			compatibilityVersion = "Xcode 9.3";
			developmentRegion = en;
			hasScannedForEncodings = 0;
			knownRegions = (
				en,
				Base,
			);
			mainGroup = 116840C926F2145E0097AB2F;
			productRefGroup = 116840D326F2145E0097AB2F /* Products */;
			projectDirPath = "";
			projectRoot = "";
			targets = (
				116840D126F2145E0097AB2F /* dog_gram */,
			);
		};
/* End PBXProject section */

/* Begin PBXResourcesBuildPhase section */
		116840D026F2145E0097AB2F /* Resources */ = {
			isa = PBXResourcesBuildPhase;
			buildActionMask = 2147483647;
			files = (
				116840E526F218CF0097AB2F /* LaunchScreen.storyboard in Resources */,
				116840DD26F2145F0097AB2F /* Preview Assets.xcassets in Resources */,
				116840DA26F2145F0097AB2F /* Assets.xcassets in Resources */,
				114D80F426F8A91100B5C142 /* GoogleService-Info.plist in Resources */,
			);
			runOnlyForDeploymentPostprocessing = 0;
		};
/* End PBXResourcesBuildPhase section */

/* Begin PBXShellScriptBuildPhase section */
		A266A0E9926D7BA2BC928469 /* [CP] Embed Pods Frameworks */ = {
			isa = PBXShellScriptBuildPhase;
			buildActionMask = 2147483647;
			files = (
			);
			inputFileListPaths = (
				"${PODS_ROOT}/Target Support Files/Pods-dog_gram/Pods-dog_gram-frameworks-${CONFIGURATION}-input-files.xcfilelist",
			);
			name = "[CP] Embed Pods Frameworks";
			outputFileListPaths = (
				"${PODS_ROOT}/Target Support Files/Pods-dog_gram/Pods-dog_gram-frameworks-${CONFIGURATION}-output-files.xcfilelist",
			);
			runOnlyForDeploymentPostprocessing = 0;
			shellPath = /bin/sh;
			shellScript = "\"${PODS_ROOT}/Target Support Files/Pods-dog_gram/Pods-dog_gram-frameworks.sh\"\n";
			showEnvVarsInLog = 0;
		};
		C6F8BB3F1BAFBDE2C022983B /* [CP] Check Pods Manifest.lock */ = {
			isa = PBXShellScriptBuildPhase;
			buildActionMask = 2147483647;
			files = (
			);
			inputFileListPaths = (
			);
			inputPaths = (
				"${PODS_PODFILE_DIR_PATH}/Podfile.lock",
				"${PODS_ROOT}/Manifest.lock",
			);
			name = "[CP] Check Pods Manifest.lock";
			outputFileListPaths = (
			);
			outputPaths = (
				"$(DERIVED_FILE_DIR)/Pods-dog_gram-checkManifestLockResult.txt",
			);
			runOnlyForDeploymentPostprocessing = 0;
			shellPath = /bin/sh;
			shellScript = "diff \"${PODS_PODFILE_DIR_PATH}/Podfile.lock\" \"${PODS_ROOT}/Manifest.lock\" > /dev/null\nif [ $? != 0 ] ; then\n    # print error to STDERR\n    echo \"error: The sandbox is not in sync with the Podfile.lock. Run 'pod install' or update your CocoaPods installation.\" >&2\n    exit 1\nfi\n# This output is used by Xcode 'outputs' to avoid re-running this script phase.\necho \"SUCCESS\" > \"${SCRIPT_OUTPUT_FILE_0}\"\n";
			showEnvVarsInLog = 0;
		};
/* End PBXShellScriptBuildPhase section */

/* Begin PBXSourcesBuildPhase section */
		116840CE26F2145E0097AB2F /* Sources */ = {
			isa = PBXSourcesBuildPhase;
			buildActionMask = 2147483647;
			files = (
				116840ED26F21E7D0097AB2F /* FeedView.swift in Sources */,
				119A4E2F26F7E08300010BF9 /* SignInWithAppleButtonCustom.swift in Sources */,
				116840F226F2239A0097AB2F /* PostModel.swift in Sources */,
				11BA7FF026F488520073DE73 /* SettingsLabelView.swift in Sources */,
				11D1FD1226F38CA700F59457 /* PostImageView.swift in Sources */,
				119A4E2B26F7D96D00010BF9 /* SignUpView.swift in Sources */,
				116840D826F2145E0097AB2F /* ContentView.swift in Sources */,
				116840F826F265EC0097AB2F /* MessageView.swift in Sources */,
				116840EB26F21C420097AB2F /* Extensions.swift in Sources */,
				116840F426F22B6C0097AB2F /* PostArrayObject.swift in Sources */,
				110A897E26F874DA003B4FB7 /* AnotherOnboardingView.swift in Sources */,
				1189943226F3757F0013F7D6 /* ImageGridView.swift in Sources */,
				116840EF26F21F170097AB2F /* PostView.swift in Sources */,
				113472CC26F3C8DC002DCA0F /* ProfileView.swift in Sources */,
				118E1BD726F87B5C004E7C3B /* LikeAnimationView.swift in Sources */,
				1189942E26F36B2D0013F7D6 /* BrowseView.swift in Sources */,
				1189943026F36C700013F7D6 /* CarouselView.swift in Sources */,
				119A4E2926F7D24000010BF9 /* SettingsEditImageView.swift in Sources */,
				1189942C26F35E330013F7D6 /* CommentModel.swift in Sources */,
				113472CE26F3CAC3002DCA0F /* ProfileHeaderView.swift in Sources */,
				1189943426F37E110013F7D6 /* UploadView.swift in Sources */,
				119A4E2D26F7DF2D00010BF9 /* OnboardingView.swift in Sources */,
				1189943626F383D40013F7D6 /* ImagePicker.swift in Sources */,
				116840F626F263820097AB2F /* CommentsView.swift in Sources */,
				116840D626F2145E0097AB2F /* dog_gramApp.swift in Sources */,
				11BA7FEE26F486260073DE73 /* SettingsView.swift in Sources */,
				115B26AB26F4BD3100F956A1 /* SettingsEditTextView.swift in Sources */,
				11BA7FF226F48C3D0073DE73 /* SettingsRowView.swift in Sources */,
			);
			runOnlyForDeploymentPostprocessing = 0;
		};
/* End PBXSourcesBuildPhase section */

/* Begin XCBuildConfiguration section */
		116840DF26F2145F0097AB2F /* Debug */ = {
			isa = XCBuildConfiguration;
			buildSettings = {
				ALWAYS_SEARCH_USER_PATHS = NO;
				CLANG_ANALYZER_NONNULL = YES;
				CLANG_ANALYZER_NUMBER_OBJECT_CONVERSION = YES_AGGRESSIVE;
				CLANG_CXX_LANGUAGE_STANDARD = "gnu++14";
				CLANG_CXX_LIBRARY = "libc++";
				CLANG_ENABLE_MODULES = YES;
				CLANG_ENABLE_OBJC_ARC = YES;
				CLANG_ENABLE_OBJC_WEAK = YES;
				CLANG_WARN_BLOCK_CAPTURE_AUTORELEASING = YES;
				CLANG_WARN_BOOL_CONVERSION = YES;
				CLANG_WARN_COMMA = YES;
				CLANG_WARN_CONSTANT_CONVERSION = YES;
				CLANG_WARN_DEPRECATED_OBJC_IMPLEMENTATIONS = YES;
				CLANG_WARN_DIRECT_OBJC_ISA_USAGE = YES_ERROR;
				CLANG_WARN_DOCUMENTATION_COMMENTS = YES;
				CLANG_WARN_EMPTY_BODY = YES;
				CLANG_WARN_ENUM_CONVERSION = YES;
				CLANG_WARN_INFINITE_RECURSION = YES;
				CLANG_WARN_INT_CONVERSION = YES;
				CLANG_WARN_NON_LITERAL_NULL_CONVERSION = YES;
				CLANG_WARN_OBJC_IMPLICIT_RETAIN_SELF = YES;
				CLANG_WARN_OBJC_LITERAL_CONVERSION = YES;
				CLANG_WARN_OBJC_ROOT_CLASS = YES_ERROR;
				CLANG_WARN_QUOTED_INCLUDE_IN_FRAMEWORK_HEADER = YES;
				CLANG_WARN_RANGE_LOOP_ANALYSIS = YES;
				CLANG_WARN_STRICT_PROTOTYPES = YES;
				CLANG_WARN_SUSPICIOUS_MOVE = YES;
				CLANG_WARN_UNGUARDED_AVAILABILITY = YES_AGGRESSIVE;
				CLANG_WARN_UNREACHABLE_CODE = YES;
				CLANG_WARN__DUPLICATE_METHOD_MATCH = YES;
				COPY_PHASE_STRIP = NO;
				DEBUG_INFORMATION_FORMAT = dwarf;
				ENABLE_STRICT_OBJC_MSGSEND = YES;
				ENABLE_TESTABILITY = YES;
				GCC_C_LANGUAGE_STANDARD = gnu11;
				GCC_DYNAMIC_NO_PIC = NO;
				GCC_NO_COMMON_BLOCKS = YES;
				GCC_OPTIMIZATION_LEVEL = 0;
				GCC_PREPROCESSOR_DEFINITIONS = (
					"DEBUG=1",
					"$(inherited)",
				);
				GCC_WARN_64_TO_32_BIT_CONVERSION = YES;
				GCC_WARN_ABOUT_RETURN_TYPE = YES_ERROR;
				GCC_WARN_UNDECLARED_SELECTOR = YES;
				GCC_WARN_UNINITIALIZED_AUTOS = YES_AGGRESSIVE;
				GCC_WARN_UNUSED_FUNCTION = YES;
				GCC_WARN_UNUSED_VARIABLE = YES;
				IPHONEOS_DEPLOYMENT_TARGET = 14.5;
				MTL_ENABLE_DEBUG_INFO = INCLUDE_SOURCE;
				MTL_FAST_MATH = YES;
				ONLY_ACTIVE_ARCH = YES;
				SDKROOT = iphoneos;
				SWIFT_ACTIVE_COMPILATION_CONDITIONS = DEBUG;
				SWIFT_OPTIMIZATION_LEVEL = "-Onone";
			};
			name = Debug;
		};
		116840E026F2145F0097AB2F /* Release */ = {
			isa = XCBuildConfiguration;
			buildSettings = {
				ALWAYS_SEARCH_USER_PATHS = NO;
				CLANG_ANALYZER_NONNULL = YES;
				CLANG_ANALYZER_NUMBER_OBJECT_CONVERSION = YES_AGGRESSIVE;
				CLANG_CXX_LANGUAGE_STANDARD = "gnu++14";
				CLANG_CXX_LIBRARY = "libc++";
				CLANG_ENABLE_MODULES = YES;
				CLANG_ENABLE_OBJC_ARC = YES;
				CLANG_ENABLE_OBJC_WEAK = YES;
				CLANG_WARN_BLOCK_CAPTURE_AUTORELEASING = YES;
				CLANG_WARN_BOOL_CONVERSION = YES;
				CLANG_WARN_COMMA = YES;
				CLANG_WARN_CONSTANT_CONVERSION = YES;
				CLANG_WARN_DEPRECATED_OBJC_IMPLEMENTATIONS = YES;
				CLANG_WARN_DIRECT_OBJC_ISA_USAGE = YES_ERROR;
				CLANG_WARN_DOCUMENTATION_COMMENTS = YES;
				CLANG_WARN_EMPTY_BODY = YES;
				CLANG_WARN_ENUM_CONVERSION = YES;
				CLANG_WARN_INFINITE_RECURSION = YES;
				CLANG_WARN_INT_CONVERSION = YES;
				CLANG_WARN_NON_LITERAL_NULL_CONVERSION = YES;
				CLANG_WARN_OBJC_IMPLICIT_RETAIN_SELF = YES;
				CLANG_WARN_OBJC_LITERAL_CONVERSION = YES;
				CLANG_WARN_OBJC_ROOT_CLASS = YES_ERROR;
				CLANG_WARN_QUOTED_INCLUDE_IN_FRAMEWORK_HEADER = YES;
				CLANG_WARN_RANGE_LOOP_ANALYSIS = YES;
				CLANG_WARN_STRICT_PROTOTYPES = YES;
				CLANG_WARN_SUSPICIOUS_MOVE = YES;
				CLANG_WARN_UNGUARDED_AVAILABILITY = YES_AGGRESSIVE;
				CLANG_WARN_UNREACHABLE_CODE = YES;
				CLANG_WARN__DUPLICATE_METHOD_MATCH = YES;
				COPY_PHASE_STRIP = NO;
				DEBUG_INFORMATION_FORMAT = "dwarf-with-dsym";
				ENABLE_NS_ASSERTIONS = NO;
				ENABLE_STRICT_OBJC_MSGSEND = YES;
				GCC_C_LANGUAGE_STANDARD = gnu11;
				GCC_NO_COMMON_BLOCKS = YES;
				GCC_WARN_64_TO_32_BIT_CONVERSION = YES;
				GCC_WARN_ABOUT_RETURN_TYPE = YES_ERROR;
				GCC_WARN_UNDECLARED_SELECTOR = YES;
				GCC_WARN_UNINITIALIZED_AUTOS = YES_AGGRESSIVE;
				GCC_WARN_UNUSED_FUNCTION = YES;
				GCC_WARN_UNUSED_VARIABLE = YES;
				IPHONEOS_DEPLOYMENT_TARGET = 14.5;
				MTL_ENABLE_DEBUG_INFO = NO;
				MTL_FAST_MATH = YES;
				SDKROOT = iphoneos;
				SWIFT_COMPILATION_MODE = wholemodule;
				SWIFT_OPTIMIZATION_LEVEL = "-O";
				VALIDATE_PRODUCT = YES;
			};
			name = Release;
		};
		116840E226F2145F0097AB2F /* Debug */ = {
			isa = XCBuildConfiguration;
			baseConfigurationReference = E373922B67E9AAF5D2407B47 /* Pods-dog_gram.debug.xcconfig */;
			buildSettings = {
				ASSETCATALOG_COMPILER_APPICON_NAME = AppIcon;
				ASSETCATALOG_COMPILER_GLOBAL_ACCENT_COLOR_NAME = AccentColor;
				CODE_SIGN_STYLE = Automatic;
				DEVELOPMENT_ASSET_PATHS = "\"dog_gram/Preview Content\"";
				DEVELOPMENT_TEAM = C6DQVPTV2K;
				ENABLE_PREVIEWS = YES;
				INFOPLIST_FILE = dog_gram/Info.plist;
				IPHONEOS_DEPLOYMENT_TARGET = 14.0;
				LD_RUNPATH_SEARCH_PATHS = (
					"$(inherited)",
					"@executable_path/Frameworks",
				);
				PRODUCT_BUNDLE_IDENTIFIER = "uk.co.rickbrown.dog-gram";
				PRODUCT_NAME = "$(TARGET_NAME)";
				SWIFT_VERSION = 5.0;
				TARGETED_DEVICE_FAMILY = 1;
			};
			name = Debug;
		};
		116840E326F2145F0097AB2F /* Release */ = {
			isa = XCBuildConfiguration;
			baseConfigurationReference = E53F7F9EA0F900DEC24A3D98 /* Pods-dog_gram.release.xcconfig */;
			buildSettings = {
				ASSETCATALOG_COMPILER_APPICON_NAME = AppIcon;
				ASSETCATALOG_COMPILER_GLOBAL_ACCENT_COLOR_NAME = AccentColor;
				CODE_SIGN_STYLE = Automatic;
				DEVELOPMENT_ASSET_PATHS = "\"dog_gram/Preview Content\"";
				DEVELOPMENT_TEAM = C6DQVPTV2K;
				ENABLE_PREVIEWS = YES;
				INFOPLIST_FILE = dog_gram/Info.plist;
				IPHONEOS_DEPLOYMENT_TARGET = 14.0;
				LD_RUNPATH_SEARCH_PATHS = (
					"$(inherited)",
					"@executable_path/Frameworks",
				);
				PRODUCT_BUNDLE_IDENTIFIER = "uk.co.rickbrown.dog-gram";
				PRODUCT_NAME = "$(TARGET_NAME)";
				SWIFT_VERSION = 5.0;
				TARGETED_DEVICE_FAMILY = 1;
			};
			name = Release;
		};
/* End XCBuildConfiguration section */

/* Begin XCConfigurationList section */
		116840CD26F2145E0097AB2F /* Build configuration list for PBXProject "dog_gram" */ = {
			isa = XCConfigurationList;
			buildConfigurations = (
				116840DF26F2145F0097AB2F /* Debug */,
				116840E026F2145F0097AB2F /* Release */,
			);
			defaultConfigurationIsVisible = 0;
			defaultConfigurationName = Release;
		};
		116840E126F2145F0097AB2F /* Build configuration list for PBXNativeTarget "dog_gram" */ = {
			isa = XCConfigurationList;
			buildConfigurations = (
				116840E226F2145F0097AB2F /* Debug */,
				116840E326F2145F0097AB2F /* Release */,
			);
			defaultConfigurationIsVisible = 0;
			defaultConfigurationName = Release;
		};
/* End XCConfigurationList section */
	};
	rootObject = 116840CA26F2145E0097AB2F /* Project object */;
}
